{
    "requires": true,
    "lockfileVersion": 1,
    "dependencies": {
        "blueimp-canvas-to-blob": {
            "version": "3.19.0",
            "resolved": "https://registry.npmjs.org/blueimp-canvas-to-blob/-/blueimp-canvas-to-blob-3.19.0.tgz",
            "integrity": "sha512-WlLp3GOEdpyQr5hqyPaRoFHGdzMcf6T5Wr8ZjjGl1MM4tit6+rCsJcw7psXFvgoIk69uCGEhyvZOWXU2b4bDcQ==",
            "optional": true
        },
        "blueimp-file-upload": {
            "version": "10.13.0",
            "resolved": "https://registry.npmjs.org/blueimp-file-upload/-/blueimp-file-upload-10.13.0.tgz",
            "integrity": "sha512-N0yIt/5oR0ZioBaj6u8YuCRSp+1doaJOnNJHIYHBHZdrcWfjfc9Xq03nzodkSdbQIRfWwNin5rexUwY203V35g==",
            "requires": {
                "blueimp-canvas-to-blob": "3",
                "blueimp-load-image": "3",
                "blueimp-tmpl": "3"
            }
        },
        "blueimp-load-image": {
            "version": "3.0.0",
            "resolved": "https://registry.npmjs.org/blueimp-load-image/-/blueimp-load-image-3.0.0.tgz",
            "integrity": "sha512-Q9rFbd4ZUNvzSFmRXx9MoG0RwWwJeMjjEUbG7WIOJgUg22Jgkow0wL5b35B6qwiBscxACW9OHdrP5s2vQ3x8DQ==",
            "optional": true
        },
        "blueimp-tmpl": {
            "version": "3.14.0",
            "resolved": "https://registry.npmjs.org/blueimp-tmpl/-/blueimp-tmpl-3.14.0.tgz",
            "integrity": "sha512-mA8iwfEVkvpjtBXpRp25DxGqW2YOZqC9FVLLOa03Qwdsd6J4kVyL1noC04arAm0CNsu3Y0FmxkAOt+x2MoxpYA==",
            "optional": true
        }
    }
}
